
Microsoft Visual Studio Solution File, Format Version 12.00
# Visual Studio Version 17
VisualStudioVersion = 17.7.34031.279
MinimumVisualStudioVersion = 10.0.40219.1
Project("{FAE04EC0-301F-11D3-BF4B-00C04F79EFBC}") = "Capa_Presentacion", "Capa_Presentacion\Capa_Presentacion.csproj", "{9EC7F0C0-295A-472F-B706-19D3599FD857}"
EndProject
Project("{FAE04EC0-301F-11D3-BF4B-00C04F79EFBC}") = "Capa_Entidad", "Capa_Entidad\Capa_Entidad.csproj", "{4A94CB5F-2841-4360-B321-03CA922FBF4B}"
EndProject
Project("{FAE04EC0-301F-11D3-BF4B-00C04F79EFBC}") = "Capa_Negocio", "Capa_Negocio\Capa_Negocio.csproj", "{BFF05D87-07E8-45EF-BC86-B0050C5A024E}"
EndProject
Project("{FAE04EC0-301F-11D3-BF4B-00C04F79EFBC}") = "Capa_Datos", "Capa_Datos\Capa_Datos.csproj", "{B7DF7050-A004-45E9-90D8-02B896B1BF41}"
EndProject
Global
	GlobalSection(SolutionConfigurationPlatforms) = preSolution
		Debug|Any CPU = Debug|Any CPU
		Release|Any CPU = Release|Any CPU
	EndGlobalSection
	GlobalSection(ProjectConfigurationPlatforms) = postSolution
		{9EC7F0C0-295A-472F-B706-19D3599FD857}.Debug|Any CPU.ActiveCfg = Debug|Any CPU
		{9EC7F0C0-295A-472F-B706-19D3599FD857}.Debug|Any CPU.Build.0 = Debug|Any CPU
		{9EC7F0C0-295A-472F-B706-19D3599FD857}.Release|Any CPU.ActiveCfg = Release|Any CPU
		{9EC7F0C0-295A-472F-B706-19D3599FD857}.Release|Any CPU.Build.0 = Release|Any CPU
		{4A94CB5F-2841-4360-B321-03CA922FBF4B}.Debug|Any CPU.ActiveCfg = Debug|Any CPU
		{4A94CB5F-2841-4360-B321-03CA922FBF4B}.Debug|Any CPU.Build.0 = Debug|Any CPU
		{4A94CB5F-2841-4360-B321-03CA922FBF4B}.Release|Any CPU.ActiveCfg = Release|Any CPU
		{4A94CB5F-2841-4360-B321-03CA922FBF4B}.Release|Any CPU.Build.0 = Release|Any CPU
		{BFF05D87-07E8-45EF-BC86-B0050C5A024E}.Debug|Any CPU.ActiveCfg = Debug|Any CPU
		{BFF05D87-07E8-45EF-BC86-B0050C5A024E}.Debug|Any CPU.Build.0 = Debug|Any CPU
		{BFF05D87-07E8-45EF-BC86-B0050C5A024E}.Release|Any CPU.ActiveCfg = Release|Any CPU
		{BFF05D87-07E8-45EF-BC86-B0050C5A024E}.Release|Any CPU.Build.0 = Release|Any CPU
		{B7DF7050-A004-45E9-90D8-02B896B1BF41}.Debug|Any CPU.ActiveCfg = Debug|Any CPU
		{B7DF7050-A004-45E9-90D8-02B896B1BF41}.Debug|Any CPU.Build.0 = Debug|Any CPU
		{B7DF7050-A004-45E9-90D8-02B896B1BF41}.Release|Any CPU.ActiveCfg = Release|Any CPU
		{B7DF7050-A004-45E9-90D8-02B896B1BF41}.Release|Any CPU.Build.0 = Release|Any CPU
	EndGlobalSection
	GlobalSection(SolutionProperties) = preSolution
		HideSolutionNode = FALSE
	EndGlobalSection
	GlobalSection(ExtensibilityGlobals) = postSolution
		SolutionGuid = {A816CE25-0BE4-4FC9-9F9E-1171282DE390}
	EndGlobalSection
EndGlobal
