
Microsoft Visual Studio Solution File, Format Version 12.00
# Visual Studio Version 17
VisualStudioVersion = 17.7.34031.279
MinimumVisualStudioVersion = 10.0.40219.1
Project("{FAE04EC0-301F-11D3-BF4B-00C04F79EFBC}") = "Capa_Presentacion", "Capa_Presentacion\Capa_Presentacion.csproj", "{9EC7F0C0-295A-472F-B706-19D3599FD857}"
EndProject
Project("{FAE04EC0-301F-11D3-BF4B-00C04F79EFBC}") = "Capa_Entidad", "Capa_Entidad\Capa_Entidad.csproj", "{57CCA5B6-CA21-45F4-9176-B39D66EE0B6E}"
EndProject
Project("{FAE04EC0-301F-11D3-BF4B-00C04F79EFBC}") = "Capa_Datos", "Capa_Datos\Capa_Datos.csproj", "{B1B1A71F-935C-402E-979B-E99F176F12D9}"
EndProject
Project("{FAE04EC0-301F-11D3-BF4B-00C04F79EFBC}") = "Capa_Negocio", "Capa_Negocio\Capa_Negocio.csproj", "{833D12B4-8351-4627-B622-98022A359873}"
EndProject
Global
	GlobalSection(SolutionConfigurationPlatforms) = preSolution
		Debug|Any CPU = Debug|Any CPU
		Release|Any CPU = Release|Any CPU
	EndGlobalSection
	GlobalSection(ProjectConfigurationPlatforms) = postSolution
		{9EC7F0C0-295A-472F-B706-19D3599FD857}.Debug|Any CPU.ActiveCfg = Debug|Any CPU
		{9EC7F0C0-295A-472F-B706-19D3599FD857}.Debug|Any CPU.Build.0 = Debug|Any CPU
		{9EC7F0C0-295A-472F-B706-19D3599FD857}.Release|Any CPU.ActiveCfg = Release|Any CPU
		{9EC7F0C0-295A-472F-B706-19D3599FD857}.Release|Any CPU.Build.0 = Release|Any CPU
		{57CCA5B6-CA21-45F4-9176-B39D66EE0B6E}.Debug|Any CPU.ActiveCfg = Debug|Any CPU
		{57CCA5B6-CA21-45F4-9176-B39D66EE0B6E}.Debug|Any CPU.Build.0 = Debug|Any CPU
		{57CCA5B6-CA21-45F4-9176-B39D66EE0B6E}.Release|Any CPU.ActiveCfg = Release|Any CPU
		{57CCA5B6-CA21-45F4-9176-B39D66EE0B6E}.Release|Any CPU.Build.0 = Release|Any CPU
		{B1B1A71F-935C-402E-979B-E99F176F12D9}.Debug|Any CPU.ActiveCfg = Debug|Any CPU
		{B1B1A71F-935C-402E-979B-E99F176F12D9}.Debug|Any CPU.Build.0 = Debug|Any CPU
		{B1B1A71F-935C-402E-979B-E99F176F12D9}.Release|Any CPU.ActiveCfg = Release|Any CPU
		{B1B1A71F-935C-402E-979B-E99F176F12D9}.Release|Any CPU.Build.0 = Release|Any CPU
		{833D12B4-8351-4627-B622-98022A359873}.Debug|Any CPU.ActiveCfg = Debug|Any CPU
		{833D12B4-8351-4627-B622-98022A359873}.Debug|Any CPU.Build.0 = Debug|Any CPU
		{833D12B4-8351-4627-B622-98022A359873}.Release|Any CPU.ActiveCfg = Release|Any CPU
		{833D12B4-8351-4627-B622-98022A359873}.Release|Any CPU.Build.0 = Release|Any CPU
	EndGlobalSection
	GlobalSection(SolutionProperties) = preSolution
		HideSolutionNode = FALSE
	EndGlobalSection
	GlobalSection(ExtensibilityGlobals) = postSolution
		SolutionGuid = {A816CE25-0BE4-4FC9-9F9E-1171282DE390}
	EndGlobalSection
EndGlobal
